
Microsoft Visual Studio Solution File, Format Version 12.00
# Visual Studio Version 17
VisualStudioVersion = 17.0.31903.59
MinimumVisualStudioVersion = 10.0.40219.1
Project("{FAE04EC0-301F-11D3-BF4B-00C04F79EFBC}") = "WoofLyrics.Core", "WoofLyrics.Core\WoofLyrics.Core.csproj", "{F9052809-F4AB-48AC-BBE4-237E941938AB}"
EndProject
Project("{FAE04EC0-301F-11D3-BF4B-00C04F79EFBC}") = "WoofLyrics.Test", "WoofLyrics.Test\WoofLyrics.Test.csproj", "{6F2F1D67-F576-4587-8B10-5490A821EFD1}"
EndProject
Project("{FAE04EC0-301F-11D3-BF4B-00C04F79EFBC}") = "WoofLyrics.UI", "WoofLyrics.UI\WoofLyrics.UI.csproj", "{B579D362-855D-49B3-AC6F-AB862AD5CFE9}"
EndProject
Global
	GlobalSection(SolutionConfigurationPlatforms) = preSolution
		Debug|Any CPU = Debug|Any CPU
		Debug|x64 = Debug|x64
		Debug|x86 = Debug|x86
		Release|Any CPU = Release|Any CPU
		Release|x64 = Release|x64
		Release|x86 = Release|x86
	EndGlobalSection
	GlobalSection(ProjectConfigurationPlatforms) = postSolution
		{F9052809-F4AB-48AC-BBE4-237E941938AB}.Debug|Any CPU.ActiveCfg = Debug|Any CPU
		{F9052809-F4AB-48AC-BBE4-237E941938AB}.Debug|Any CPU.Build.0 = Debug|Any CPU
		{F9052809-F4AB-48AC-BBE4-237E941938AB}.Debug|x64.ActiveCfg = Debug|Any CPU
		{F9052809-F4AB-48AC-BBE4-237E941938AB}.Debug|x64.Build.0 = Debug|Any CPU
		{F9052809-F4AB-48AC-BBE4-237E941938AB}.Debug|x86.ActiveCfg = Debug|Any CPU
		{F9052809-F4AB-48AC-BBE4-237E941938AB}.Debug|x86.Build.0 = Debug|Any CPU
		{F9052809-F4AB-48AC-BBE4-237E941938AB}.Release|Any CPU.ActiveCfg = Release|Any CPU
		{F9052809-F4AB-48AC-BBE4-237E941938AB}.Release|Any CPU.Build.0 = Release|Any CPU
		{F9052809-F4AB-48AC-BBE4-237E941938AB}.Release|x64.ActiveCfg = Release|Any CPU
		{F9052809-F4AB-48AC-BBE4-237E941938AB}.Release|x64.Build.0 = Release|Any CPU
		{F9052809-F4AB-48AC-BBE4-237E941938AB}.Release|x86.ActiveCfg = Release|Any CPU
		{F9052809-F4AB-48AC-BBE4-237E941938AB}.Release|x86.Build.0 = Release|Any CPU
		{6F2F1D67-F576-4587-8B10-5490A821EFD1}.Debug|Any CPU.ActiveCfg = Debug|Any CPU
		{6F2F1D67-F576-4587-8B10-5490A821EFD1}.Debug|Any CPU.Build.0 = Debug|Any CPU
		{6F2F1D67-F576-4587-8B10-5490A821EFD1}.Debug|x64.ActiveCfg = Debug|Any CPU
		{6F2F1D67-F576-4587-8B10-5490A821EFD1}.Debug|x64.Build.0 = Debug|Any CPU
		{6F2F1D67-F576-4587-8B10-5490A821EFD1}.Debug|x86.ActiveCfg = Debug|Any CPU
		{6F2F1D67-F576-4587-8B10-5490A821EFD1}.Debug|x86.Build.0 = Debug|Any CPU
		{6F2F1D67-F576-4587-8B10-5490A821EFD1}.Release|Any CPU.ActiveCfg = Release|Any CPU
		{6F2F1D67-F576-4587-8B10-5490A821EFD1}.Release|Any CPU.Build.0 = Release|Any CPU
		{6F2F1D67-F576-4587-8B10-5490A821EFD1}.Release|x64.ActiveCfg = Release|Any CPU
		{6F2F1D67-F576-4587-8B10-5490A821EFD1}.Release|x64.Build.0 = Release|Any CPU
		{6F2F1D67-F576-4587-8B10-5490A821EFD1}.Release|x86.ActiveCfg = Release|Any CPU
		{6F2F1D67-F576-4587-8B10-5490A821EFD1}.Release|x86.Build.0 = Release|Any CPU
		{B579D362-855D-49B3-AC6F-AB862AD5CFE9}.Debug|Any CPU.ActiveCfg = Debug|Any CPU
		{B579D362-855D-49B3-AC6F-AB862AD5CFE9}.Debug|Any CPU.Build.0 = Debug|Any CPU
		{B579D362-855D-49B3-AC6F-AB862AD5CFE9}.Debug|x64.ActiveCfg = Debug|Any CPU
		{B579D362-855D-49B3-AC6F-AB862AD5CFE9}.Debug|x64.Build.0 = Debug|Any CPU
		{B579D362-855D-49B3-AC6F-AB862AD5CFE9}.Debug|x86.ActiveCfg = Debug|Any CPU
		{B579D362-855D-49B3-AC6F-AB862AD5CFE9}.Debug|x86.Build.0 = Debug|Any CPU
		{B579D362-855D-49B3-AC6F-AB862AD5CFE9}.Release|Any CPU.ActiveCfg = Release|Any CPU
		{B579D362-855D-49B3-AC6F-AB862AD5CFE9}.Release|Any CPU.Build.0 = Release|Any CPU
		{B579D362-855D-49B3-AC6F-AB862AD5CFE9}.Release|x64.ActiveCfg = Release|Any CPU
		{B579D362-855D-49B3-AC6F-AB862AD5CFE9}.Release|x64.Build.0 = Release|Any CPU
		{B579D362-855D-49B3-AC6F-AB862AD5CFE9}.Release|x86.ActiveCfg = Release|Any CPU
		{B579D362-855D-49B3-AC6F-AB862AD5CFE9}.Release|x86.Build.0 = Release|Any CPU
	EndGlobalSection
	GlobalSection(SolutionProperties) = preSolution
		HideSolutionNode = FALSE
	EndGlobalSection
EndGlobal
